
Microsoft Visual Studio Solution File, Format Version 12.00
# Visual Studio Version 16
VisualStudioVersion = 16.0.31624.102
MinimumVisualStudioVersion = 10.0.40219.1
Project("{FAE04EC0-301F-11D3-BF4B-00C04F79EFBC}") = "QuanLyNhaHang", "QuanLyNhaHang\QuanLyNhaHang.csproj", "{29276E23-BFD2-45B9-AB90-FF4A6F6EBAFC}"
EndProject
Global
	GlobalSection(SolutionConfigurationPlatforms) = preSolution
		Debug|Any CPU = Debug|Any CPU
		Release|Any CPU = Release|Any CPU
	EndGlobalSection
	GlobalSection(ProjectConfigurationPlatforms) = postSolution
		{29276E23-BFD2-45B9-AB90-FF4A6F6EBAFC}.Debug|Any CPU.ActiveCfg = Debug|Any CPU
		{29276E23-BFD2-45B9-AB90-FF4A6F6EBAFC}.Debug|Any CPU.Build.0 = Debug|Any CPU
		{29276E23-BFD2-45B9-AB90-FF4A6F6EBAFC}.Release|Any CPU.ActiveCfg = Release|Any CPU
		{29276E23-BFD2-45B9-AB90-FF4A6F6EBAFC}.Release|Any CPU.Build.0 = Release|Any CPU
	EndGlobalSection
	GlobalSection(SolutionProperties) = preSolution
		HideSolutionNode = FALSE
	EndGlobalSection
	GlobalSection(ExtensibilityGlobals) = postSolution
		SolutionGuid = {E84CDEE1-72FA-4591-B7C5-917F31FA2A81}
	EndGlobalSection
EndGlobal
